
Microsoft Visual Studio Solution File, Format Version 12.00
# Visual Studio Version 17
VisualStudioVersion = 17.2.32602.215
MinimumVisualStudioVersion = 10.0.40219.1
Project("{FAE04EC0-301F-11D3-BF4B-00C04F79EFBC}") = "MediaServices.Backend", "MediaServices.Backend\MediaServices.Backend.csproj", "{50191DB9-D602-4C20-8FE9-CBDF9E453C64}"
EndProject
Project("{FAE04EC0-301F-11D3-BF4B-00C04F79EFBC}") = "MediaServices.Shared", "MediaServices.Shared\MediaServices.Shared.csproj", "{B50CE6F0-B570-4A85-A665-6AF028521E38}"
EndProject
Project("{FAE04EC0-301F-11D3-BF4B-00C04F79EFBC}") = "MediaServices.Ui", "MediaServices.Ui\MediaServices.Ui.csproj", "{99963377-6971-44CE-B6A7-A920E4263421}"
EndProject
Global
	GlobalSection(SolutionConfigurationPlatforms) = preSolution
		Debug|Any CPU = Debug|Any CPU
		Release|Any CPU = Release|Any CPU
	EndGlobalSection
	GlobalSection(ProjectConfigurationPlatforms) = postSolution
		{50191DB9-D602-4C20-8FE9-CBDF9E453C64}.Debug|Any CPU.ActiveCfg = Debug|Any CPU
		{50191DB9-D602-4C20-8FE9-CBDF9E453C64}.Debug|Any CPU.Build.0 = Debug|Any CPU
		{50191DB9-D602-4C20-8FE9-CBDF9E453C64}.Release|Any CPU.ActiveCfg = Release|Any CPU
		{50191DB9-D602-4C20-8FE9-CBDF9E453C64}.Release|Any CPU.Build.0 = Release|Any CPU
		{B50CE6F0-B570-4A85-A665-6AF028521E38}.Debug|Any CPU.ActiveCfg = Debug|Any CPU
		{B50CE6F0-B570-4A85-A665-6AF028521E38}.Debug|Any CPU.Build.0 = Debug|Any CPU
		{B50CE6F0-B570-4A85-A665-6AF028521E38}.Release|Any CPU.ActiveCfg = Release|Any CPU
		{B50CE6F0-B570-4A85-A665-6AF028521E38}.Release|Any CPU.Build.0 = Release|Any CPU
		{99963377-6971-44CE-B6A7-A920E4263421}.Debug|Any CPU.ActiveCfg = Debug|Any CPU
		{99963377-6971-44CE-B6A7-A920E4263421}.Debug|Any CPU.Build.0 = Debug|Any CPU
		{99963377-6971-44CE-B6A7-A920E4263421}.Release|Any CPU.ActiveCfg = Release|Any CPU
		{99963377-6971-44CE-B6A7-A920E4263421}.Release|Any CPU.Build.0 = Release|Any CPU
	EndGlobalSection
	GlobalSection(SolutionProperties) = preSolution
		HideSolutionNode = FALSE
	EndGlobalSection
	GlobalSection(ExtensibilityGlobals) = postSolution
		SolutionGuid = {BB05A58D-2E03-4060-94A5-FB073E3EEA32}
	EndGlobalSection
EndGlobal
